
Microsoft Visual Studio Solution File, Format Version 12.00
# Visual Studio Version 16
VisualStudioVersion = 16.0.29411.108
MinimumVisualStudioVersion = 10.0.40219.1
Project("{FAE04EC0-301F-11D3-BF4B-00C04F79EFBC}") = "NppPipeDelimitedFormatter", "PipeDelimitedForamtter\NppPipeDelimitedFormatter.csproj", "{6A645FD1-5C86-4392-8A43-F0707757B773}"
EndProject
Global
	GlobalSection(SolutionConfigurationPlatforms) = preSolution
		Debug|x64 = Debug|x64
		Debug|x86 = Debug|x86
		Release|x64 = Release|x64
		Release|x86 = Release|x86
	EndGlobalSection
	GlobalSection(ProjectConfigurationPlatforms) = postSolution
		{6A645FD1-5C86-4392-8A43-F0707757B773}.Debug|x64.ActiveCfg = Debug|x64
		{6A645FD1-5C86-4392-8A43-F0707757B773}.Debug|x64.Build.0 = Debug|x64
		{6A645FD1-5C86-4392-8A43-F0707757B773}.Debug|x86.ActiveCfg = Debug|x86
		{6A645FD1-5C86-4392-8A43-F0707757B773}.Debug|x86.Build.0 = Debug|x86
		{6A645FD1-5C86-4392-8A43-F0707757B773}.Release|x64.ActiveCfg = Release|x64
		{6A645FD1-5C86-4392-8A43-F0707757B773}.Release|x64.Build.0 = Release|x64
		{6A645FD1-5C86-4392-8A43-F0707757B773}.Release|x86.ActiveCfg = Release|x86
		{6A645FD1-5C86-4392-8A43-F0707757B773}.Release|x86.Build.0 = Release|x86
	EndGlobalSection
	GlobalSection(SolutionProperties) = preSolution
		HideSolutionNode = FALSE
	EndGlobalSection
	GlobalSection(ExtensibilityGlobals) = postSolution
		SolutionGuid = {2400E75D-7066-4DCC-ABD9-3D503B79266A}
	EndGlobalSection
EndGlobal
